
Microsoft Visual Studio Solution File, Format Version 12.00
# Visual Studio 2012
Project("{FAE04EC0-301F-11D3-BF4B-00C04F79EFBC}") = "HOTEL_RESERVATION_SYSTEM", "wpfSwitcher\HOTEL_RESERVATION_SYSTEM.csproj", "{BA078143-590F-4562-B6D7-FEA4A793C896}"
EndProject
Project("{FAE04EC0-301F-11D3-BF4B-00C04F79EFBC}") = "datalayer", "datalayer\datalayer.csproj", "{603549D6-30B6-4D86-9987-94EF45CC2202}"
EndProject
Global
	GlobalSection(SolutionConfigurationPlatforms) = preSolution
		Debug|Any CPU = Debug|Any CPU
		Release|Any CPU = Release|Any CPU
	EndGlobalSection
	GlobalSection(ProjectConfigurationPlatforms) = postSolution
		{BA078143-590F-4562-B6D7-FEA4A793C896}.Debug|Any CPU.ActiveCfg = Debug|Any CPU
		{BA078143-590F-4562-B6D7-FEA4A793C896}.Debug|Any CPU.Build.0 = Debug|Any CPU
		{BA078143-590F-4562-B6D7-FEA4A793C896}.Release|Any CPU.ActiveCfg = Release|Any CPU
		{BA078143-590F-4562-B6D7-FEA4A793C896}.Release|Any CPU.Build.0 = Release|Any CPU
		{603549D6-30B6-4D86-9987-94EF45CC2202}.Debug|Any CPU.ActiveCfg = Debug|Any CPU
		{603549D6-30B6-4D86-9987-94EF45CC2202}.Debug|Any CPU.Build.0 = Debug|Any CPU
		{603549D6-30B6-4D86-9987-94EF45CC2202}.Release|Any CPU.ActiveCfg = Release|Any CPU
		{603549D6-30B6-4D86-9987-94EF45CC2202}.Release|Any CPU.Build.0 = Release|Any CPU
	EndGlobalSection
	GlobalSection(SolutionProperties) = preSolution
		HideSolutionNode = FALSE
	EndGlobalSection
EndGlobal
